<?xml version="1.0" encoding="utf-8"?>
<Project ToolsVersion="4.0" xmlns="http://schemas.microsoft.com/developer/msbuild/2003">
  <ItemGroup>
    <Filter Include="Source Files">
      <UniqueIdentifier>{4FC737F1-C7A5-4376-A066-2A32D752A2FF}</UniqueIdentifier>
      <Extensions>cpp;c;cc;cxx;def;odl;idl;hpj;bat;asm;asmx</Extensions>
    </Filter>
    <Filter Include="Header Files">
      <UniqueIdentifier>{93995380-89BD-4b04-88EB-625FBE52EBFB}</UniqueIdentifier>
      <Extensions>h;hh;hpp;hxx;hm;inl;inc;xsd</Extensions>
    </Filter>
    <Filter Include="Resource Files">
      <UniqueIdentifier>{67DA6AB6-F800-4c08-8B7A-83BB121AAD01}</UniqueIdentifier>
      <Extensions>rc;ico;cur;bmp;dlg;rc2;rct;bin;rgs;gif;jpg;jpeg;jpe;resx;tiff;tif;png;wav;mfcribbon-ms</Extensions>
    </Filter>
  </ItemGroup>
  <ItemGroup>
    <ClInclude Include="RecordManager.h">
      <Filter>Header Files</Filter>
    </ClInclude>
    <ClInclude Include="BufferManager.h">
      <Filter>Header Files</Filter>
    </ClInclude>
    <ClInclude Include="CatalogManager.h">
      <Filter>Header Files</Filter>
    </ClInclude>
    <ClInclude Include="MiniDB.h">
      <Filter>Header Files</Filter>
    </ClInclude>
    <ClInclude Include="Data.h">
      <Filter>Header Files</Filter>
    </ClInclude>
    <ClInclude Include="CatalogException.h">
      <Filter>Header Files</Filter>
    </ClInclude>
    <ClInclude Include="IndexManager.h">
      <Filter>Header Files</Filter>
    </ClInclude>
    <ClInclude Include="mystr.h">
      <Filter>Header Files</Filter>
    </ClInclude>
    <ClInclude Include="datatype.h">
      <Filter>Header Files</Filter>
    </ClInclude>
    <ClInclude Include="DB_Interpreter.h">
      <Filter>Header Files</Filter>
    </ClInclude>
    <ClInclude Include="DBException.h">
      <Filter>Header Files</Filter>
    </ClInclude>
    <ClInclude Include="Page.h">
      <Filter>Header Files</Filter>
    </ClInclude>
    <ClInclude Include="fileinfo.h">
      <Filter>Header Files</Filter>
    </ClInclude>
    <ClInclude Include="DataException.h">
      <Filter>Header Files</Filter>
    </ClInclude>
    <ClInclude Include="PageException.h">
      <Filter>Header Files</Filter>
    </ClInclude>
    <ClInclude Include="RecordManagerException.h">
      <Filter>Header Files</Filter>
    </ClInclude>
  </ItemGroup>
  <ItemGroup>
    <ClCompile Include="RecordManager.cpp">
      <Filter>Source Files</Filter>
    </ClCompile>
    <ClCompile Include="BufferManager.cpp">
      <Filter>Source Files</Filter>
    </ClCompile>
    <ClCompile Include="CatalogManager.cpp">
      <Filter>Source Files</Filter>
    </ClCompile>
    <ClCompile Include="MiniDB.cpp">
      <Filter>Source Files</Filter>
    </ClCompile>
    <ClCompile Include="Data.cpp">
      <Filter>Source Files</Filter>
    </ClCompile>
    <ClCompile Include="IndexManager.cpp">
      <Filter>Source Files</Filter>
    </ClCompile>
    <ClCompile Include="mystr.cpp">
      <Filter>Source Files</Filter>
    </ClCompile>
    <ClCompile Include="DB_Interpreter.cpp">
      <Filter>Source Files</Filter>
    </ClCompile>
    <ClCompile Include="Page.cpp">
      <Filter>Source Files</Filter>
    </ClCompile>
    <ClCompile Include="main.cpp">
      <Filter>Source Files</Filter>
    </ClCompile>
    <ClCompile Include="mybuffer.cpp">
      <Filter>Source Files</Filter>
    </ClCompile>
  </ItemGroup>
</Project>